// !$*UTF8*$!
{
	archiveVersion = 1;
	classes = {
	};
	objectVersion = 56;
	objects = {

/* Begin PBXBuildFile section */
		4C794BD72AB86AFC003A2CFC /* AppDelegate.swift in Sources */ = {isa = PBXBuildFile; fileRef = 4C794BD62AB86AFC003A2CFC /* AppDelegate.swift */; };
		4C794BD92AB86AFC003A2CFC /* SceneDelegate.swift in Sources */ = {isa = PBXBuildFile; fileRef = 4C794BD82AB86AFC003A2CFC /* SceneDelegate.swift */; };
		4C794BDB2AB86AFC003A2CFC /* ViewController.swift in Sources */ = {isa = PBXBuildFile; fileRef = 4C794BDA2AB86AFC003A2CFC /* ViewController.swift */; };
		4C794BDE2AB86AFC003A2CFC /* Main.storyboard in Resources */ = {isa = PBXBuildFile; fileRef = 4C794BDC2AB86AFC003A2CFC /* Main.storyboard */; };
		4C794BE02AB86AFD003A2CFC /* Assets.xcassets in Resources */ = {isa = PBXBuildFile; fileRef = 4C794BDF2AB86AFD003A2CFC /* Assets.xcassets */; };
		4C794BE32AB86AFD003A2CFC /* LaunchScreen.storyboard in Resources */ = {isa = PBXBuildFile; fileRef = 4C794BE12AB86AFD003A2CFC /* LaunchScreen.storyboard */; };
		4C794BED2AB86B7A003A2CFC /* opencv2.framework in Frameworks */ = {isa = PBXBuildFile; fileRef = 4C794BEB2AB86B41003A2CFC /* opencv2.framework */; };
		4C794BF32AB8705E003A2CFC /* OpenCVWrapper.mm in Sources */ = {isa = PBXBuildFile; fileRef = 4C794BF22AB8705E003A2CFC /* OpenCVWrapper.mm */; };
/* End PBXBuildFile section */

/* Begin PBXFileReference section */
		4C794BD32AB86AFC003A2CFC /* TestOpenCV.app */ = {isa = PBXFileReference; explicitFileType = wrapper.application; includeInIndex = 0; path = TestOpenCV.app; sourceTree = BUILT_PRODUCTS_DIR; };
		4C794BD62AB86AFC003A2CFC /* AppDelegate.swift */ = {isa = PBXFileReference; lastKnownFileType = sourcecode.swift; path = AppDelegate.swift; sourceTree = "<group>"; };
		4C794BD82AB86AFC003A2CFC /* SceneDelegate.swift */ = {isa = PBXFileReference; lastKnownFileType = sourcecode.swift; path = SceneDelegate.swift; sourceTree = "<group>"; };
		4C794BDA2AB86AFC003A2CFC /* ViewController.swift */ = {isa = PBXFileReference; lastKnownFileType = sourcecode.swift; path = ViewController.swift; sourceTree = "<group>"; };
		4C794BDD2AB86AFC003A2CFC /* Base */ = {isa = PBXFileReference; lastKnownFileType = file.storyboard; name = Base; path = Base.lproj/Main.storyboard; sourceTree = "<group>"; };
		4C794BDF2AB86AFD003A2CFC /* Assets.xcassets */ = {isa = PBXFileReference; lastKnownFileType = folder.assetcatalog; path = Assets.xcassets; sourceTree = "<group>"; };
		4C794BE22AB86AFD003A2CFC /* Base */ = {isa = PBXFileReference; lastKnownFileType = file.storyboard; name = Base; path = Base.lproj/LaunchScreen.storyboard; sourceTree = "<group>"; };
		4C794BE42AB86AFD003A2CFC /* Info.plist */ = {isa = PBXFileReference; lastKnownFileType = text.plist.xml; path = Info.plist; sourceTree = "<group>"; };
		4C794BEB2AB86B41003A2CFC /* opencv2.framework */ = {isa = PBXFileReference; lastKnownFileType = wrapper.framework; name = opencv2.framework; path = ../../FingerPrint/OpenCV/opencv2.framework; sourceTree = "<group>"; };
		4C794BF02AB8705E003A2CFC /* TestOpenCV-Bridging-Header.h */ = {isa = PBXFileReference; lastKnownFileType = sourcecode.c.h; path = "TestOpenCV-Bridging-Header.h"; sourceTree = "<group>"; };
		4C794BF12AB8705E003A2CFC /* OpenCVWrapper.h */ = {isa = PBXFileReference; lastKnownFileType = sourcecode.c.h; path = OpenCVWrapper.h; sourceTree = "<group>"; };
		4C794BF22AB8705E003A2CFC /* OpenCVWrapper.mm */ = {isa = PBXFileReference; lastKnownFileType = sourcecode.cpp.objcpp; path = OpenCVWrapper.mm; sourceTree = "<group>"; };
/* End PBXFileReference section */

/* Begin PBXFrameworksBuildPhase section */
		4C794BD02AB86AFC003A2CFC /* Frameworks */ = {
			isa = PBXFrameworksBuildPhase;
			buildActionMask = 2147483647;
			files = (
				4C794BED2AB86B7A003A2CFC /* opencv2.framework in Frameworks */,
			);
			runOnlyForDeploymentPostprocessing = 0;
		};
/* End PBXFrameworksBuildPhase section */

/* Begin PBXGroup section */
		4C794BCA2AB86AFC003A2CFC = {
			isa = PBXGroup;
			children = (
				4C794BEA2AB86B11003A2CFC /* OpenCV */,
				4C794BD52AB86AFC003A2CFC /* TestOpenCV */,
				4C794BD42AB86AFC003A2CFC /* Products */,
			);
			sourceTree = "<group>";
		};
		4C794BD42AB86AFC003A2CFC /* Products */ = {
			isa = PBXGroup;
			children = (
				4C794BD32AB86AFC003A2CFC /* TestOpenCV.app */,
			);
			name = Products;
			sourceTree = "<group>";
		};
		4C794BD52AB86AFC003A2CFC /* TestOpenCV */ = {
			isa = PBXGroup;
			children = (
				4C794BD62AB86AFC003A2CFC /* AppDelegate.swift */,
				4C794BD82AB86AFC003A2CFC /* SceneDelegate.swift */,
				4C794BDA2AB86AFC003A2CFC /* ViewController.swift */,
				4C794BF12AB8705E003A2CFC /* OpenCVWrapper.h */,
				4C794BF22AB8705E003A2CFC /* OpenCVWrapper.mm */,
				4C794BDC2AB86AFC003A2CFC /* Main.storyboard */,
				4C794BDF2AB86AFD003A2CFC /* Assets.xcassets */,
				4C794BE12AB86AFD003A2CFC /* LaunchScreen.storyboard */,
				4C794BE42AB86AFD003A2CFC /* Info.plist */,
				4C794BF02AB8705E003A2CFC /* TestOpenCV-Bridging-Header.h */,
			);
			path = TestOpenCV;
			sourceTree = "<group>";
		};
		4C794BEA2AB86B11003A2CFC /* OpenCV */ = {
			isa = PBXGroup;
			children = (
				4C794BEB2AB86B41003A2CFC /* opencv2.framework */,
			);
			path = OpenCV;
			sourceTree = "<group>";
		};
/* End PBXGroup section */

/* Begin PBXNativeTarget section */
		4C794BD22AB86AFC003A2CFC /* TestOpenCV */ = {
			isa = PBXNativeTarget;
			buildConfigurationList = 4C794BE72AB86AFD003A2CFC /* Build configuration list for PBXNativeTarget "TestOpenCV" */;
			buildPhases = (
				4C794BCF2AB86AFC003A2CFC /* Sources */,
				4C794BD02AB86AFC003A2CFC /* Frameworks */,
				4C794BD12AB86AFC003A2CFC /* Resources */,
			);
			buildRules = (
			);
			dependencies = (
			);
			name = TestOpenCV;
			productName = TestOpenCV;
			productReference = 4C794BD32AB86AFC003A2CFC /* TestOpenCV.app */;
			productType = "com.apple.product-type.application";
		};
/* End PBXNativeTarget section */

/* Begin PBXProject section */
		4C794BCB2AB86AFC003A2CFC /* Project object */ = {
			isa = PBXProject;
			attributes = {
				BuildIndependentTargetsInParallel = 1;
				LastSwiftUpdateCheck = 1430;
				LastUpgradeCheck = 1430;
				TargetAttributes = {
					4C794BD22AB86AFC003A2CFC = {
						CreatedOnToolsVersion = 14.3;
						LastSwiftMigration = 1430;
					};
				};
			};
			buildConfigurationList = 4C794BCE2AB86AFC003A2CFC /* Build configuration list for PBXProject "TestOpenCV" */;
			compatibilityVersion = "Xcode 14.0";
			developmentRegion = en;
			hasScannedForEncodings = 0;
			knownRegions = (
				en,
				Base,
			);
			mainGroup = 4C794BCA2AB86AFC003A2CFC;
			productRefGroup = 4C794BD42AB86AFC003A2CFC /* Products */;
			projectDirPath = "";
			projectRoot = "";
			targets = (
				4C794BD22AB86AFC003A2CFC /* TestOpenCV */,
			);
		};
/* End PBXProject section */

/* Begin PBXResourcesBuildPhase section */
		4C794BD12AB86AFC003A2CFC /* Resources */ = {
			isa = PBXResourcesBuildPhase;
			buildActionMask = 2147483647;
			files = (
				4C794BE32AB86AFD003A2CFC /* LaunchScreen.storyboard in Resources */,
				4C794BE02AB86AFD003A2CFC /* Assets.xcassets in Resources */,
				4C794BDE2AB86AFC003A2CFC /* Main.storyboard in Resources */,
			);
			runOnlyForDeploymentPostprocessing = 0;
		};
/* End PBXResourcesBuildPhase section */

/* Begin PBXSourcesBuildPhase section */
		4C794BCF2AB86AFC003A2CFC /* Sources */ = {
			isa = PBXSourcesBuildPhase;
			buildActionMask = 2147483647;
			files = (
				4C794BDB2AB86AFC003A2CFC /* ViewController.swift in Sources */,
				4C794BD72AB86AFC003A2CFC /* AppDelegate.swift in Sources */,
				4C794BF32AB8705E003A2CFC /* OpenCVWrapper.mm in Sources */,
				4C794BD92AB86AFC003A2CFC /* SceneDelegate.swift in Sources */,
			);
			runOnlyForDeploymentPostprocessing = 0;
		};
/* End PBXSourcesBuildPhase section */

/* Begin PBXVariantGroup section */
		4C794BDC2AB86AFC003A2CFC /* Main.storyboard */ = {
			isa = PBXVariantGroup;
			children = (
				4C794BDD2AB86AFC003A2CFC /* Base */,
			);
			name = Main.storyboard;
			sourceTree = "<group>";
		};
		4C794BE12AB86AFD003A2CFC /* LaunchScreen.storyboard */ = {
			isa = PBXVariantGroup;
			children = (
				4C794BE22AB86AFD003A2CFC /* Base */,
			);
			name = LaunchScreen.storyboard;
			sourceTree = "<group>";
		};
/* End PBXVariantGroup section */

/* Begin XCBuildConfiguration section */
		4C794BE52AB86AFD003A2CFC /* Debug */ = {
			isa = XCBuildConfiguration;
			buildSettings = {
				ALWAYS_SEARCH_USER_PATHS = NO;
				CLANG_ANALYZER_NONNULL = YES;
				CLANG_ANALYZER_NUMBER_OBJECT_CONVERSION = YES_AGGRESSIVE;
				CLANG_CXX_LANGUAGE_STANDARD = "gnu++20";
				CLANG_ENABLE_MODULES = YES;
				CLANG_ENABLE_OBJC_ARC = YES;
				CLANG_ENABLE_OBJC_WEAK = YES;
				CLANG_WARN_BLOCK_CAPTURE_AUTORELEASING = YES;
				CLANG_WARN_BOOL_CONVERSION = YES;
				CLANG_WARN_COMMA = YES;
				CLANG_WARN_CONSTANT_CONVERSION = YES;
				CLANG_WARN_DEPRECATED_OBJC_IMPLEMENTATIONS = YES;
				CLANG_WARN_DIRECT_OBJC_ISA_USAGE = YES_ERROR;
				CLANG_WARN_DOCUMENTATION_COMMENTS = YES;
				CLANG_WARN_EMPTY_BODY = YES;
				CLANG_WARN_ENUM_CONVERSION = YES;
				CLANG_WARN_INFINITE_RECURSION = YES;
				CLANG_WARN_INT_CONVERSION = YES;
				CLANG_WARN_NON_LITERAL_NULL_CONVERSION = YES;
				CLANG_WARN_OBJC_IMPLICIT_RETAIN_SELF = YES;
				CLANG_WARN_OBJC_LITERAL_CONVERSION = YES;
				CLANG_WARN_OBJC_ROOT_CLASS = YES_ERROR;
				CLANG_WARN_QUOTED_INCLUDE_IN_FRAMEWORK_HEADER = YES;
				CLANG_WARN_RANGE_LOOP_ANALYSIS = YES;
				CLANG_WARN_STRICT_PROTOTYPES = YES;
				CLANG_WARN_SUSPICIOUS_MOVE = YES;
				CLANG_WARN_UNGUARDED_AVAILABILITY = YES_AGGRESSIVE;
				CLANG_WARN_UNREACHABLE_CODE = YES;
				CLANG_WARN__DUPLICATE_METHOD_MATCH = YES;
				COPY_PHASE_STRIP = NO;
				DEBUG_INFORMATION_FORMAT = dwarf;
				ENABLE_STRICT_OBJC_MSGSEND = YES;
				ENABLE_TESTABILITY = YES;
				GCC_C_LANGUAGE_STANDARD = gnu11;
				GCC_DYNAMIC_NO_PIC = NO;
				GCC_NO_COMMON_BLOCKS = YES;
				GCC_OPTIMIZATION_LEVEL = 0;
				GCC_PREPROCESSOR_DEFINITIONS = (
					"DEBUG=1",
					"$(inherited)",
				);
				GCC_WARN_64_TO_32_BIT_CONVERSION = YES;
				GCC_WARN_ABOUT_RETURN_TYPE = YES_ERROR;
				GCC_WARN_UNDECLARED_SELECTOR = YES;
				GCC_WARN_UNINITIALIZED_AUTOS = YES_AGGRESSIVE;
				GCC_WARN_UNUSED_FUNCTION = YES;
				GCC_WARN_UNUSED_VARIABLE = YES;
				IPHONEOS_DEPLOYMENT_TARGET = 14.0;
				MTL_ENABLE_DEBUG_INFO = INCLUDE_SOURCE;
				MTL_FAST_MATH = YES;
				ONLY_ACTIVE_ARCH = YES;
				SDKROOT = iphoneos;
				SWIFT_ACTIVE_COMPILATION_CONDITIONS = DEBUG;
				SWIFT_OPTIMIZATION_LEVEL = "-Onone";
			};
			name = Debug;
		};
		4C794BE62AB86AFD003A2CFC /* Release */ = {
			isa = XCBuildConfiguration;
			buildSettings = {
				ALWAYS_SEARCH_USER_PATHS = NO;
				CLANG_ANALYZER_NONNULL = YES;
				CLANG_ANALYZER_NUMBER_OBJECT_CONVERSION = YES_AGGRESSIVE;
				CLANG_CXX_LANGUAGE_STANDARD = "gnu++20";
				CLANG_ENABLE_MODULES = YES;
				CLANG_ENABLE_OBJC_ARC = YES;
				CLANG_ENABLE_OBJC_WEAK = YES;
				CLANG_WARN_BLOCK_CAPTURE_AUTORELEASING = YES;
				CLANG_WARN_BOOL_CONVERSION = YES;
				CLANG_WARN_COMMA = YES;
				CLANG_WARN_CONSTANT_CONVERSION = YES;
				CLANG_WARN_DEPRECATED_OBJC_IMPLEMENTATIONS = YES;
				CLANG_WARN_DIRECT_OBJC_ISA_USAGE = YES_ERROR;
				CLANG_WARN_DOCUMENTATION_COMMENTS = YES;
				CLANG_WARN_EMPTY_BODY = YES;
				CLANG_WARN_ENUM_CONVERSION = YES;
				CLANG_WARN_INFINITE_RECURSION = YES;
				CLANG_WARN_INT_CONVERSION = YES;
				CLANG_WARN_NON_LITERAL_NULL_CONVERSION = YES;
				CLANG_WARN_OBJC_IMPLICIT_RETAIN_SELF = YES;
				CLANG_WARN_OBJC_LITERAL_CONVERSION = YES;
				CLANG_WARN_OBJC_ROOT_CLASS = YES_ERROR;
				CLANG_WARN_QUOTED_INCLUDE_IN_FRAMEWORK_HEADER = YES;
				CLANG_WARN_RANGE_LOOP_ANALYSIS = YES;
				CLANG_WARN_STRICT_PROTOTYPES = YES;
				CLANG_WARN_SUSPICIOUS_MOVE = YES;
				CLANG_WARN_UNGUARDED_AVAILABILITY = YES_AGGRESSIVE;
				CLANG_WARN_UNREACHABLE_CODE = YES;
				CLANG_WARN__DUPLICATE_METHOD_MATCH = YES;
				COPY_PHASE_STRIP = NO;
				DEBUG_INFORMATION_FORMAT = "dwarf-with-dsym";
				ENABLE_NS_ASSERTIONS = NO;
				ENABLE_STRICT_OBJC_MSGSEND = YES;
				GCC_C_LANGUAGE_STANDARD = gnu11;
				GCC_NO_COMMON_BLOCKS = YES;
				GCC_WARN_64_TO_32_BIT_CONVERSION = YES;
				GCC_WARN_ABOUT_RETURN_TYPE = YES_ERROR;
				GCC_WARN_UNDECLARED_SELECTOR = YES;
				GCC_WARN_UNINITIALIZED_AUTOS = YES_AGGRESSIVE;
				GCC_WARN_UNUSED_FUNCTION = YES;
				GCC_WARN_UNUSED_VARIABLE = YES;
				IPHONEOS_DEPLOYMENT_TARGET = 14.0;
				MTL_ENABLE_DEBUG_INFO = NO;
				MTL_FAST_MATH = YES;
				SDKROOT = iphoneos;
				SWIFT_COMPILATION_MODE = wholemodule;
				SWIFT_OPTIMIZATION_LEVEL = "-O";
				VALIDATE_PRODUCT = YES;
			};
			name = Release;
		};
		4C794BE82AB86AFD003A2CFC /* Debug */ = {
			isa = XCBuildConfiguration;
			buildSettings = {
				ASSETCATALOG_COMPILER_APPICON_NAME = AppIcon;
				ASSETCATALOG_COMPILER_GLOBAL_ACCENT_COLOR_NAME = AccentColor;
				CLANG_ENABLE_MODULES = YES;
				CODE_SIGN_STYLE = Automatic;
				CURRENT_PROJECT_VERSION = 1;
				DEVELOPMENT_TEAM = 7E7WKW772Q;
				FRAMEWORK_SEARCH_PATHS = "/Users/sandeepm/Documents/Pre-Sales/FingerPrint\\ Scan/FingerPrint/OpenCV";
				GENERATE_INFOPLIST_FILE = YES;
				INFOPLIST_FILE = TestOpenCV/Info.plist;
				INFOPLIST_KEY_UIApplicationSupportsIndirectInputEvents = YES;
				INFOPLIST_KEY_UILaunchStoryboardName = LaunchScreen;
				INFOPLIST_KEY_UIMainStoryboardFile = Main;
				INFOPLIST_KEY_UISupportedInterfaceOrientations_iPad = "UIInterfaceOrientationPortrait UIInterfaceOrientationPortraitUpsideDown UIInterfaceOrientationLandscapeLeft UIInterfaceOrientationLandscapeRight";
				INFOPLIST_KEY_UISupportedInterfaceOrientations_iPhone = "UIInterfaceOrientationPortrait UIInterfaceOrientationLandscapeLeft UIInterfaceOrientationLandscapeRight";
				IPHONEOS_DEPLOYMENT_TARGET = 14.0;
				LD_RUNPATH_SEARCH_PATHS = (
					"$(inherited)",
					"@executable_path/Frameworks",
				);
				MARKETING_VERSION = 1.0;
				PRODUCT_BUNDLE_IDENTIFIER = com.sipl.TestOpenCV;
				PRODUCT_NAME = "$(TARGET_NAME)";
				SWIFT_EMIT_LOC_STRINGS = YES;
				SWIFT_OBJC_BRIDGING_HEADER = "TestOpenCV/TestOpenCV-Bridging-Header.h";
				SWIFT_OPTIMIZATION_LEVEL = "-Onone";
				SWIFT_VERSION = 5.0;
				TARGETED_DEVICE_FAMILY = "1,2";
			};
			name = Debug;
		};
		4C794BE92AB86AFD003A2CFC /* Release */ = {
			isa = XCBuildConfiguration;
			buildSettings = {
				ASSETCATALOG_COMPILER_APPICON_NAME = AppIcon;
				ASSETCATALOG_COMPILER_GLOBAL_ACCENT_COLOR_NAME = AccentColor;
				CLANG_ENABLE_MODULES = YES;
				CODE_SIGN_STYLE = Automatic;
				CURRENT_PROJECT_VERSION = 1;
				DEVELOPMENT_TEAM = 7E7WKW772Q;
				FRAMEWORK_SEARCH_PATHS = "/Users/sandeepm/Documents/Pre-Sales/FingerPrint\\ Scan/FingerPrint/OpenCV";
				GENERATE_INFOPLIST_FILE = YES;
				INFOPLIST_FILE = TestOpenCV/Info.plist;
				INFOPLIST_KEY_UIApplicationSupportsIndirectInputEvents = YES;
				INFOPLIST_KEY_UILaunchStoryboardName = LaunchScreen;
				INFOPLIST_KEY_UIMainStoryboardFile = Main;
				INFOPLIST_KEY_UISupportedInterfaceOrientations_iPad = "UIInterfaceOrientationPortrait UIInterfaceOrientationPortraitUpsideDown UIInterfaceOrientationLandscapeLeft UIInterfaceOrientationLandscapeRight";
				INFOPLIST_KEY_UISupportedInterfaceOrientations_iPhone = "UIInterfaceOrientationPortrait UIInterfaceOrientationLandscapeLeft UIInterfaceOrientationLandscapeRight";
				IPHONEOS_DEPLOYMENT_TARGET = 14.0;
				LD_RUNPATH_SEARCH_PATHS = (
					"$(inherited)",
					"@executable_path/Frameworks",
				);
				MARKETING_VERSION = 1.0;
				PRODUCT_BUNDLE_IDENTIFIER = com.sipl.TestOpenCV;
				PRODUCT_NAME = "$(TARGET_NAME)";
				SWIFT_EMIT_LOC_STRINGS = YES;
				SWIFT_OBJC_BRIDGING_HEADER = "TestOpenCV/TestOpenCV-Bridging-Header.h";
				SWIFT_VERSION = 5.0;
				TARGETED_DEVICE_FAMILY = "1,2";
			};
			name = Release;
		};
/* End XCBuildConfiguration section */

/* Begin XCConfigurationList section */
		4C794BCE2AB86AFC003A2CFC /* Build configuration list for PBXProject "TestOpenCV" */ = {
			isa = XCConfigurationList;
			buildConfigurations = (
				4C794BE52AB86AFD003A2CFC /* Debug */,
				4C794BE62AB86AFD003A2CFC /* Release */,
			);
			defaultConfigurationIsVisible = 0;
			defaultConfigurationName = Release;
		};
		4C794BE72AB86AFD003A2CFC /* Build configuration list for PBXNativeTarget "TestOpenCV" */ = {
			isa = XCConfigurationList;
			buildConfigurations = (
				4C794BE82AB86AFD003A2CFC /* Debug */,
				4C794BE92AB86AFD003A2CFC /* Release */,
			);
			defaultConfigurationIsVisible = 0;
			defaultConfigurationName = Release;
		};
/* End XCConfigurationList section */
	};
	rootObject = 4C794BCB2AB86AFC003A2CFC /* Project object */;
}
